%{"calliope": {:hex, :calliope, "0.3.0"},
  "earmark": {:hex, :earmark, "0.1.15"},
  "erlydtl": {:git, "git://github.com/erlydtl/erlydtl.git", "6280d21a6d9bd5a8f6caf2530773b0e61471b4d0", [tag: "0.9.4"]},
  "eunit_formatters": {:git, "git://github.com/seancribbs/eunit_formatters", "7f79fa3fb953b94990bd9b41e92cef7cfecf91ef", [ref: "7f79fa3fb953b94990bd9b41e92cef7cfecf91ef"]},
  "ex_doc": {:hex, :ex_doc, "0.7.2"},
  "excoveralls": {:hex, :excoveralls, "0.3.10"},
  "exjsx": {:hex, :exjsx, "3.1.0"},
  "exprintf": {:hex, :exprintf, "0.1.0"},
  "hackney": {:hex, :hackney, "1.1.0"},
  "idna": {:hex, :idna, "1.0.2"},
  "jsex": {:hex, :jsex, "2.0.0"},
  "jsx": {:hex, :jsx, "2.4.0"},
  "merl": {:git, "git://github.com/erlydtl/merl.git", "28e5b3829168199e8475fa91b997e0c03b90d280", [ref: "28e5b3829168199e8475fa91b997e0c03b90d280"]},
  "ssl_verify_hostname": {:hex, :ssl_verify_hostname, "1.0.4"}}
